
Microsoft Visual Studio Solution File, Format Version 12.00
# Visual Studio Version 17
VisualStudioVersion = 17.11.35312.102
MinimumVisualStudioVersion = 10.0.40219.1
Project("{888888A0-9F3D-457C-B088-3A5042F75D52}") = "PythonTipCalculator", "PythonTipCalculator.pyproj", "{12E0F584-AF9B-4688-8A53-8CEF73796404}"
EndProject
Global
	GlobalSection(SolutionConfigurationPlatforms) = preSolution
		Debug|Any CPU = Debug|Any CPU
		Release|Any CPU = Release|Any CPU
	EndGlobalSection
	GlobalSection(ProjectConfigurationPlatforms) = postSolution
		{12E0F584-AF9B-4688-8A53-8CEF73796404}.Debug|Any CPU.ActiveCfg = Debug|Any CPU
		{12E0F584-AF9B-4688-8A53-8CEF73796404}.Release|Any CPU.ActiveCfg = Release|Any CPU
	EndGlobalSection
	GlobalSection(SolutionProperties) = preSolution
		HideSolutionNode = FALSE
	EndGlobalSection
	GlobalSection(ExtensibilityGlobals) = postSolution
		SolutionGuid = {D866BEA3-0D8C-4E12-A297-688E148501EE}
	EndGlobalSection
EndGlobal
